github.com/aead/ecdh v0.2.0 h1:pYop54xVaq/CEREFEcukHRZfTdjiWvYIsZDXXrBapQQ=
github.com/aead/ecdh v0.2.0/go.mod h1:a9HHtXuSo8J1Js1MwLQx2mBhkXMT6YwUmVVEY4tTB8U=
github.com/monnand/dhkx v0.0.0-20180522003156-9e5b033f1ac4 h1:UsjqpfLSsCM5SVN5OGhiWJnxDokyT74E6Ahj6kVZxh8=
github.com/monnand/dhkx v0.0.0-20180522003156-9e5b033f1ac4/go.mod h1:/cxRiYq8L/bpGLJJJ7mN66Qv2nj915TfJdujDVyYVGA=
golang.org/x/crypto v0.0.0-20190211182817-74369b46fc67 h1:ng3VDlRp5/DHpSWl02R4rM9I+8M2rhmsuLwAMmkLQWE=
golang.org/x/crypto v0.0.0-20190211182817-74369b46fc67/go.mod h1:6SG95UA2DQfeDnfUPMdvaQW0Q7yPrPDi9nlGo2tz2b4=
